Microsoft Visual Studio Solution File, Format Version 12.00
# Visual Studio Version 17
VisualStudioVersion = 17.0.31903.59
MinimumVisualStudioVersion = 10.0.40219.1
Project("{FAE04EC0-301F-11D3-BF4B-00C04F79EFBC}") = "ClubFFXIV", "ClubFFXIV\ClubFFXIV.csproj", "{B7E83A1F-1A2C-4D2E-9B3D-1A0C5F2E3D4F}"
EndProject
Global
	GlobalSection(SolutionConfigurationPlatforms) = preSolution
		Debug|x64 = Debug|x64
		Release|x64 = Release|x64
	EndGlobalSection
	GlobalSection(ProjectConfigurationPlatforms) = postSolution
		{B7E83A1F-1A2C-4D2E-9B3D-1A0C5F2E3D4F}.Debug|x64.ActiveCfg = Debug|x64
		{B7E83A1F-1A2C-4D2E-9B3D-1A0C5F2E3D4F}.Debug|x64.Build.0 = Debug|x64
		{B7E83A1F-1A2C-4D2E-9B3D-1A0C5F2E3D4F}.Release|x64.ActiveCfg = Release|x64
		{B7E83A1F-1A2C-4D2E-9B3D-1A0C5F2E3D4F}.Release|x64.Build.0 = Release|x64
	EndGlobalSection
	GlobalSection(SolutionProperties) = preSolution
		HideSolutionNode = FALSE
	EndGlobalSection
EndGlobal
